
Microsoft Visual Studio Solution File, Format Version 12.00
# Visual Studio Version 17
VisualStudioVersion = 17.13.35825.156
MinimumVisualStudioVersion = 10.0.40219.1
Project("{2150E333-8FDC-42A3-9474-1A3956D46DE8}") = "Chapter01", "Chapter01", "{DDB4EF12-CC4E-5E88-E6FC-71A802F4DE97}"
EndProject
Project("{FAE04EC0-301F-11D3-BF4B-00C04F79EFBC}") = "ProductSample", "Chapter01\ProductSample\ProductSample.csproj", "{62F230A1-04C1-4811-8277-EE58E0C39362}"
EndProject
Project("{2150E333-8FDC-42A3-9474-1A3956D46DE8}") = "Chapter02", "Chapter02", "{4CD934ED-2BE1-4E96-A612-A68AD58CBA40}"
EndProject
Project("{FAE04EC0-301F-11D3-BF4B-00C04F79EFBC}") = "DistanceConverter", "Chapter02\DistanceConverter\DistanceConverter.csproj", "{057152D1-A662-4496-A3F7-8139D5F78F3A}"
EndProject
Project("{2150E333-8FDC-42A3-9474-1A3956D46DE8}") = "演習問題", "演習問題", "{7118C651-3D71-4E76-A1C0-8486C241D6B3}"
EndProject
Project("{FAE04EC0-301F-11D3-BF4B-00C04F79EFBC}") = "Exercise02", "Chapter02\演習問題\Exercise02\Exercise02.csproj", "{B1C54A53-AAF3-4363-A470-5C50E326D92C}"
EndProject
Project("{2150E333-8FDC-42A3-9474-1A3956D46DE8}") = "距離換算プログラム", "距離換算プログラム", "{C9DC9077-D663-4EAF-987E-0D2629F15240}"
EndProject
Project("{2150E333-8FDC-42A3-9474-1A3956D46DE8}") = "FormApps", "FormApps", "{78573230-2550-4C39-A987-8BF34033303D}"
EndProject
Project("{FAE04EC0-301F-11D3-BF4B-00C04F79EFBC}") = "UnitConverter", "FormApps\UnitConverter\UnitConverter.csproj", "{7EE3D0D9-7DB6-4BFE-8077-A09BA3BCA289}"
EndProject
Project("{FAE04EC0-301F-11D3-BF4B-00C04F79EFBC}") = "StopWatch", "FormApps\StopWatch\StopWatch.csproj", "{E0E98108-3D03-47F7-B179-F4127705039A}"
EndProject
Project("{2150E333-8FDC-42A3-9474-1A3956D46DE8}") = "売り上げ集計プログラム", "売り上げ集計プログラム", "{5474035C-3E98-449E-A003-AE5128879D64}"
EndProject
Project("{FAE04EC0-301F-11D3-BF4B-00C04F79EFBC}") = "SalesCalculator", "Chapter02\SalesCalculator\SalesCalculator.csproj", "{11AF4E0B-9073-487B-8A69-E5BD1C20271E}"
EndProject
Project("{FAE04EC0-301F-11D3-BF4B-00C04F79EFBC}") = "Exercise01", "Chapter02\演習問題\Exercise01\Exercise01.csproj", "{EB8DD368-FC38-494B-B643-E6510C820FF3}"
EndProject
Project("{2150E333-8FDC-42A3-9474-1A3956D46DE8}") = "Chapter03", "Chapter03", "{7F2C7B0D-7994-45E9-8BD9-EE8C60D5D217}"
EndProject
Project("{FAE04EC0-301F-11D3-BF4B-00C04F79EFBC}") = "Section01", "Chapter03\Section01\Section01.csproj", "{95285BEA-B60B-47A8-81C3-3EEDE4DFF69F}"
EndProject
Project("{2150E333-8FDC-42A3-9474-1A3956D46DE8}") = "演習問題", "演習問題", "{392FC73F-D7E6-4504-9FD7-FE8240C4567E}"
EndProject
Project("{FAE04EC0-301F-11D3-BF4B-00C04F79EFBC}") = "Exercise02", "Chapter03\演習問題\Exercise02\Exercise02.csproj", "{BB8ACC5D-F8A0-48DB-8C06-57B9A7991802}"
EndProject
Global
	GlobalSection(SolutionConfigurationPlatforms) = preSolution
		Debug|Any CPU = Debug|Any CPU
		Release|Any CPU = Release|Any CPU
	EndGlobalSection
	GlobalSection(ProjectConfigurationPlatforms) = postSolution
		{62F230A1-04C1-4811-8277-EE58E0C39362}.Debug|Any CPU.ActiveCfg = Debug|Any CPU
		{62F230A1-04C1-4811-8277-EE58E0C39362}.Debug|Any CPU.Build.0 = Debug|Any CPU
		{62F230A1-04C1-4811-8277-EE58E0C39362}.Release|Any CPU.ActiveCfg = Release|Any CPU
		{62F230A1-04C1-4811-8277-EE58E0C39362}.Release|Any CPU.Build.0 = Release|Any CPU
		{057152D1-A662-4496-A3F7-8139D5F78F3A}.Debug|Any CPU.ActiveCfg = Debug|Any CPU
		{057152D1-A662-4496-A3F7-8139D5F78F3A}.Debug|Any CPU.Build.0 = Debug|Any CPU
		{057152D1-A662-4496-A3F7-8139D5F78F3A}.Release|Any CPU.ActiveCfg = Release|Any CPU
		{057152D1-A662-4496-A3F7-8139D5F78F3A}.Release|Any CPU.Build.0 = Release|Any CPU
		{B1C54A53-AAF3-4363-A470-5C50E326D92C}.Debug|Any CPU.ActiveCfg = Debug|Any CPU
		{B1C54A53-AAF3-4363-A470-5C50E326D92C}.Debug|Any CPU.Build.0 = Debug|Any CPU
		{B1C54A53-AAF3-4363-A470-5C50E326D92C}.Release|Any CPU.ActiveCfg = Release|Any CPU
		{B1C54A53-AAF3-4363-A470-5C50E326D92C}.Release|Any CPU.Build.0 = Release|Any CPU
		{7EE3D0D9-7DB6-4BFE-8077-A09BA3BCA289}.Debug|Any CPU.ActiveCfg = Debug|Any CPU
		{7EE3D0D9-7DB6-4BFE-8077-A09BA3BCA289}.Debug|Any CPU.Build.0 = Debug|Any CPU
		{7EE3D0D9-7DB6-4BFE-8077-A09BA3BCA289}.Release|Any CPU.ActiveCfg = Release|Any CPU
		{7EE3D0D9-7DB6-4BFE-8077-A09BA3BCA289}.Release|Any CPU.Build.0 = Release|Any CPU
		{E0E98108-3D03-47F7-B179-F4127705039A}.Debug|Any CPU.ActiveCfg = Debug|Any CPU
		{E0E98108-3D03-47F7-B179-F4127705039A}.Debug|Any CPU.Build.0 = Debug|Any CPU
		{E0E98108-3D03-47F7-B179-F4127705039A}.Release|Any CPU.ActiveCfg = Release|Any CPU
		{E0E98108-3D03-47F7-B179-F4127705039A}.Release|Any CPU.Build.0 = Release|Any CPU
		{11AF4E0B-9073-487B-8A69-E5BD1C20271E}.Debug|Any CPU.ActiveCfg = Debug|Any CPU
		{11AF4E0B-9073-487B-8A69-E5BD1C20271E}.Debug|Any CPU.Build.0 = Debug|Any CPU
		{11AF4E0B-9073-487B-8A69-E5BD1C20271E}.Release|Any CPU.ActiveCfg = Release|Any CPU
		{11AF4E0B-9073-487B-8A69-E5BD1C20271E}.Release|Any CPU.Build.0 = Release|Any CPU
		{EB8DD368-FC38-494B-B643-E6510C820FF3}.Debug|Any CPU.ActiveCfg = Debug|Any CPU
		{EB8DD368-FC38-494B-B643-E6510C820FF3}.Debug|Any CPU.Build.0 = Debug|Any CPU
		{EB8DD368-FC38-494B-B643-E6510C820FF3}.Release|Any CPU.ActiveCfg = Release|Any CPU
		{EB8DD368-FC38-494B-B643-E6510C820FF3}.Release|Any CPU.Build.0 = Release|Any CPU
		{95285BEA-B60B-47A8-81C3-3EEDE4DFF69F}.Debug|Any CPU.ActiveCfg = Debug|Any CPU
		{95285BEA-B60B-47A8-81C3-3EEDE4DFF69F}.Debug|Any CPU.Build.0 = Debug|Any CPU
		{95285BEA-B60B-47A8-81C3-3EEDE4DFF69F}.Release|Any CPU.ActiveCfg = Release|Any CPU
		{95285BEA-B60B-47A8-81C3-3EEDE4DFF69F}.Release|Any CPU.Build.0 = Release|Any CPU
		{BB8ACC5D-F8A0-48DB-8C06-57B9A7991802}.Debug|Any CPU.ActiveCfg = Debug|Any CPU
		{BB8ACC5D-F8A0-48DB-8C06-57B9A7991802}.Debug|Any CPU.Build.0 = Debug|Any CPU
		{BB8ACC5D-F8A0-48DB-8C06-57B9A7991802}.Release|Any CPU.ActiveCfg = Release|Any CPU
		{BB8ACC5D-F8A0-48DB-8C06-57B9A7991802}.Release|Any CPU.Build.0 = Release|Any CPU
	EndGlobalSection
	GlobalSection(SolutionProperties) = preSolution
		HideSolutionNode = FALSE
	EndGlobalSection
	GlobalSection(NestedProjects) = preSolution
		{62F230A1-04C1-4811-8277-EE58E0C39362} = {DDB4EF12-CC4E-5E88-E6FC-71A802F4DE97}
		{057152D1-A662-4496-A3F7-8139D5F78F3A} = {C9DC9077-D663-4EAF-987E-0D2629F15240}
		{7118C651-3D71-4E76-A1C0-8486C241D6B3} = {4CD934ED-2BE1-4E96-A612-A68AD58CBA40}
		{B1C54A53-AAF3-4363-A470-5C50E326D92C} = {7118C651-3D71-4E76-A1C0-8486C241D6B3}
		{C9DC9077-D663-4EAF-987E-0D2629F15240} = {4CD934ED-2BE1-4E96-A612-A68AD58CBA40}
		{7EE3D0D9-7DB6-4BFE-8077-A09BA3BCA289} = {78573230-2550-4C39-A987-8BF34033303D}
		{E0E98108-3D03-47F7-B179-F4127705039A} = {78573230-2550-4C39-A987-8BF34033303D}
		{5474035C-3E98-449E-A003-AE5128879D64} = {4CD934ED-2BE1-4E96-A612-A68AD58CBA40}
		{11AF4E0B-9073-487B-8A69-E5BD1C20271E} = {5474035C-3E98-449E-A003-AE5128879D64}
		{EB8DD368-FC38-494B-B643-E6510C820FF3} = {7118C651-3D71-4E76-A1C0-8486C241D6B3}
		{95285BEA-B60B-47A8-81C3-3EEDE4DFF69F} = {7F2C7B0D-7994-45E9-8BD9-EE8C60D5D217}
		{392FC73F-D7E6-4504-9FD7-FE8240C4567E} = {7F2C7B0D-7994-45E9-8BD9-EE8C60D5D217}
		{BB8ACC5D-F8A0-48DB-8C06-57B9A7991802} = {392FC73F-D7E6-4504-9FD7-FE8240C4567E}
	EndGlobalSection
	GlobalSection(ExtensibilityGlobals) = postSolution
		SolutionGuid = {16A4DDF6-705F-41BB-B9D7-C98B15B76AD3}
	EndGlobalSection
EndGlobal
