
Microsoft Visual Studio Solution File, Format Version 12.00
# Visual Studio Version 17
VisualStudioVersion = 17.13.35825.156
MinimumVisualStudioVersion = 10.0.40219.1
Project("{2150E333-8FDC-42A3-9474-1A3956D46DE8}") = "Chapter01", "Chapter01", "{DDB4EF12-CC4E-5E88-E6FC-71A802F4DE97}"
EndProject
Project("{FAE04EC0-301F-11D3-BF4B-00C04F79EFBC}") = "ProductSample", "Chapter01\ProductSample\ProductSample.csproj", "{62F230A1-04C1-4811-8277-EE58E0C39362}"
EndProject
Project("{2150E333-8FDC-42A3-9474-1A3956D46DE8}") = "Chapter02", "Chapter02", "{4CD934ED-2BE1-4E96-A612-A68AD58CBA40}"
EndProject
Project("{FAE04EC0-301F-11D3-BF4B-00C04F79EFBC}") = "DistanceConverter", "Chapter02\DistanceConverter\DistanceConverter.csproj", "{057152D1-A662-4496-A3F7-8139D5F78F3A}"
EndProject
Project("{2150E333-8FDC-42A3-9474-1A3956D46DE8}") = "演習問題", "演習問題", "{7118C651-3D71-4E76-A1C0-8486C241D6B3}"
EndProject
Project("{FAE04EC0-301F-11D3-BF4B-00C04F79EFBC}") = "Exercise02", "Chapter02\演習問題\Exercise02\Exercise02.csproj", "{B1C54A53-AAF3-4363-A470-5C50E326D92C}"
EndProject
Project("{2150E333-8FDC-42A3-9474-1A3956D46DE8}") = "距離換算プログラム", "距離換算プログラム", "{C9DC9077-D663-4EAF-987E-0D2629F15240}"
EndProject
Project("{2150E333-8FDC-42A3-9474-1A3956D46DE8}") = "FormApps", "FormApps", "{78573230-2550-4C39-A987-8BF34033303D}"
EndProject
Project("{FAE04EC0-301F-11D3-BF4B-00C04F79EFBC}") = "UnitConverter", "FormApps\UnitConverter\UnitConverter.csproj", "{7EE3D0D9-7DB6-4BFE-8077-A09BA3BCA289}"
EndProject
Project("{FAE04EC0-301F-11D3-BF4B-00C04F79EFBC}") = "StopWatch", "FormApps\StopWatch\StopWatch.csproj", "{E0E98108-3D03-47F7-B179-F4127705039A}"
EndProject
Project("{2150E333-8FDC-42A3-9474-1A3956D46DE8}") = "売り上げ集計プログラム", "売り上げ集計プログラム", "{5474035C-3E98-449E-A003-AE5128879D64}"
EndProject
Project("{FAE04EC0-301F-11D3-BF4B-00C04F79EFBC}") = "SalesCalculator", "Chapter02\SalesCalculator\SalesCalculator.csproj", "{11AF4E0B-9073-487B-8A69-E5BD1C20271E}"
EndProject
Project("{FAE04EC0-301F-11D3-BF4B-00C04F79EFBC}") = "Exercise01", "Chapter02\演習問題\Exercise01\Exercise01.csproj", "{EB8DD368-FC38-494B-B643-E6510C820FF3}"
EndProject
Project("{2150E333-8FDC-42A3-9474-1A3956D46DE8}") = "Chapter03", "Chapter03", "{7F2C7B0D-7994-45E9-8BD9-EE8C60D5D217}"
EndProject
Project("{FAE04EC0-301F-11D3-BF4B-00C04F79EFBC}") = "Section01", "Chapter03\Section01\Section01.csproj", "{95285BEA-B60B-47A8-81C3-3EEDE4DFF69F}"
EndProject
Project("{2150E333-8FDC-42A3-9474-1A3956D46DE8}") = "演習問題", "演習問題", "{392FC73F-D7E6-4504-9FD7-FE8240C4567E}"
EndProject
Project("{FAE04EC0-301F-11D3-BF4B-00C04F79EFBC}") = "Exercise02", "Chapter03\演習問題\Exercise02\Exercise02.csproj", "{BB8ACC5D-F8A0-48DB-8C06-57B9A7991802}"
EndProject
Project("{FAE04EC0-301F-11D3-BF4B-00C04F79EFBC}") = "Section04", "Chapter03\Section04\Section04.csproj", "{B7C0C2B2-F994-4320-B09D-2F6AEC9023BF}"
EndProject
Project("{FAE04EC0-301F-11D3-BF4B-00C04F79EFBC}") = "Exercise01", "Chapter03\演習問題\Exercise01\Exercise01.csproj", "{A5D1A9A9-FEFC-415A-BC7A-7E03A512F9A8}"
EndProject
Project("{2150E333-8FDC-42A3-9474-1A3956D46DE8}") = "Chapter04", "Chapter04", "{4B449A62-B40D-42CF-9B1D-C926E57F94FF}"
EndProject
Project("{FAE04EC0-301F-11D3-BF4B-00C04F79EFBC}") = "Section04", "Chapter04\Section04\Section04.csproj", "{3B86961E-7816-43A7-A178-29A6882E9E58}"
EndProject
Project("{2150E333-8FDC-42A3-9474-1A3956D46DE8}") = "演習問題", "演習問題", "{2BE06ADD-6DDC-45F5-8227-8C14668F274E}"
EndProject
Project("{FAE04EC0-301F-11D3-BF4B-00C04F79EFBC}") = "Exercise01", "Chapter04\演習問題\Exercise01\Exercise01.csproj", "{A4A4B9D4-BE0E-498B-8147-467703361DDC}"
EndProject
Project("{FAE04EC0-301F-11D3-BF4B-00C04F79EFBC}") = "Exercise02", "Chapter04\演習問題\Exercise02\Exercise02.csproj", "{475F627C-A82A-432B-B824-56198F97CE64}"
EndProject
Project("{2150E333-8FDC-42A3-9474-1A3956D46DE8}") = "LINQ", "LINQ", "{21FCE434-B2E2-430E-BFF5-F3863BAB26CC}"
EndProject
Project("{FAE04EC0-301F-11D3-BF4B-00C04F79EFBC}") = "LinqSample", "LINQ\LinqSample\LinqSample.csproj", "{59FECDF5-7C38-4FD5-AA49-4E6B3AA40EF5}"
EndProject
Project("{2150E333-8FDC-42A3-9474-1A3956D46DE8}") = "Chapter07", "Chapter07", "{96A6FE58-86EC-4D8A-BB60-6D56FDE5E31C}"
EndProject
Project("{2150E333-8FDC-42A3-9474-1A3956D46DE8}") = "演習問題", "演習問題", "{122DBFDC-361C-4DB3-97E4-DD85192E66D3}"
EndProject
Project("{FAE04EC0-301F-11D3-BF4B-00C04F79EFBC}") = "Exercise01", "Chapter07\演習問題\Exercise01\Exercise01.csproj", "{89AF62FA-7A38-48EC-9C7F-7451EEC24464}"
EndProject
Project("{FAE04EC0-301F-11D3-BF4B-00C04F79EFBC}") = "Section01", "Chapter07\Section01\Section01.csproj", "{ADB0C0FF-EC99-4F60-B37F-6D1F18C04817}"
EndProject
Project("{FAE04EC0-301F-11D3-BF4B-00C04F79EFBC}") = "Section05", "Chapter07\Section05\Section05.csproj", "{157493CA-386A-43D0-8344-F1F84B854B21}"
EndProject
Project("{FAE04EC0-301F-11D3-BF4B-00C04F79EFBC}") = "Exercise02", "Chapter07\演習問題\Exercise02\Exercise02.csproj", "{D0DF034A-41B7-45D5-8CDB-DFB5B07E9271}"
EndProject
Global
	GlobalSection(SolutionConfigurationPlatforms) = preSolution
		Debug|Any CPU = Debug|Any CPU
		Release|Any CPU = Release|Any CPU
	EndGlobalSection
	GlobalSection(ProjectConfigurationPlatforms) = postSolution
		{62F230A1-04C1-4811-8277-EE58E0C39362}.Debug|Any CPU.ActiveCfg = Debug|Any CPU
		{62F230A1-04C1-4811-8277-EE58E0C39362}.Debug|Any CPU.Build.0 = Debug|Any CPU
		{62F230A1-04C1-4811-8277-EE58E0C39362}.Release|Any CPU.ActiveCfg = Release|Any CPU
		{62F230A1-04C1-4811-8277-EE58E0C39362}.Release|Any CPU.Build.0 = Release|Any CPU
		{057152D1-A662-4496-A3F7-8139D5F78F3A}.Debug|Any CPU.ActiveCfg = Debug|Any CPU
		{057152D1-A662-4496-A3F7-8139D5F78F3A}.Debug|Any CPU.Build.0 = Debug|Any CPU
		{057152D1-A662-4496-A3F7-8139D5F78F3A}.Release|Any CPU.ActiveCfg = Release|Any CPU
		{057152D1-A662-4496-A3F7-8139D5F78F3A}.Release|Any CPU.Build.0 = Release|Any CPU
		{B1C54A53-AAF3-4363-A470-5C50E326D92C}.Debug|Any CPU.ActiveCfg = Debug|Any CPU
		{B1C54A53-AAF3-4363-A470-5C50E326D92C}.Debug|Any CPU.Build.0 = Debug|Any CPU
		{B1C54A53-AAF3-4363-A470-5C50E326D92C}.Release|Any CPU.ActiveCfg = Release|Any CPU
		{B1C54A53-AAF3-4363-A470-5C50E326D92C}.Release|Any CPU.Build.0 = Release|Any CPU
		{7EE3D0D9-7DB6-4BFE-8077-A09BA3BCA289}.Debug|Any CPU.ActiveCfg = Debug|Any CPU
		{7EE3D0D9-7DB6-4BFE-8077-A09BA3BCA289}.Debug|Any CPU.Build.0 = Debug|Any CPU
		{7EE3D0D9-7DB6-4BFE-8077-A09BA3BCA289}.Release|Any CPU.ActiveCfg = Release|Any CPU
		{7EE3D0D9-7DB6-4BFE-8077-A09BA3BCA289}.Release|Any CPU.Build.0 = Release|Any CPU
		{E0E98108-3D03-47F7-B179-F4127705039A}.Debug|Any CPU.ActiveCfg = Debug|Any CPU
		{E0E98108-3D03-47F7-B179-F4127705039A}.Debug|Any CPU.Build.0 = Debug|Any CPU
		{E0E98108-3D03-47F7-B179-F4127705039A}.Release|Any CPU.ActiveCfg = Release|Any CPU
		{E0E98108-3D03-47F7-B179-F4127705039A}.Release|Any CPU.Build.0 = Release|Any CPU
		{11AF4E0B-9073-487B-8A69-E5BD1C20271E}.Debug|Any CPU.ActiveCfg = Debug|Any CPU
		{11AF4E0B-9073-487B-8A69-E5BD1C20271E}.Debug|Any CPU.Build.0 = Debug|Any CPU
		{11AF4E0B-9073-487B-8A69-E5BD1C20271E}.Release|Any CPU.ActiveCfg = Release|Any CPU
		{11AF4E0B-9073-487B-8A69-E5BD1C20271E}.Release|Any CPU.Build.0 = Release|Any CPU
		{EB8DD368-FC38-494B-B643-E6510C820FF3}.Debug|Any CPU.ActiveCfg = Debug|Any CPU
		{EB8DD368-FC38-494B-B643-E6510C820FF3}.Debug|Any CPU.Build.0 = Debug|Any CPU
		{EB8DD368-FC38-494B-B643-E6510C820FF3}.Release|Any CPU.ActiveCfg = Release|Any CPU
		{EB8DD368-FC38-494B-B643-E6510C820FF3}.Release|Any CPU.Build.0 = Release|Any CPU
		{95285BEA-B60B-47A8-81C3-3EEDE4DFF69F}.Debug|Any CPU.ActiveCfg = Debug|Any CPU
		{95285BEA-B60B-47A8-81C3-3EEDE4DFF69F}.Debug|Any CPU.Build.0 = Debug|Any CPU
		{95285BEA-B60B-47A8-81C3-3EEDE4DFF69F}.Release|Any CPU.ActiveCfg = Release|Any CPU
		{95285BEA-B60B-47A8-81C3-3EEDE4DFF69F}.Release|Any CPU.Build.0 = Release|Any CPU
		{BB8ACC5D-F8A0-48DB-8C06-57B9A7991802}.Debug|Any CPU.ActiveCfg = Debug|Any CPU
		{BB8ACC5D-F8A0-48DB-8C06-57B9A7991802}.Debug|Any CPU.Build.0 = Debug|Any CPU
		{BB8ACC5D-F8A0-48DB-8C06-57B9A7991802}.Release|Any CPU.ActiveCfg = Release|Any CPU
		{BB8ACC5D-F8A0-48DB-8C06-57B9A7991802}.Release|Any CPU.Build.0 = Release|Any CPU
		{B7C0C2B2-F994-4320-B09D-2F6AEC9023BF}.Debug|Any CPU.ActiveCfg = Debug|Any CPU
		{B7C0C2B2-F994-4320-B09D-2F6AEC9023BF}.Debug|Any CPU.Build.0 = Debug|Any CPU
		{B7C0C2B2-F994-4320-B09D-2F6AEC9023BF}.Release|Any CPU.ActiveCfg = Release|Any CPU
		{B7C0C2B2-F994-4320-B09D-2F6AEC9023BF}.Release|Any CPU.Build.0 = Release|Any CPU
		{A5D1A9A9-FEFC-415A-BC7A-7E03A512F9A8}.Debug|Any CPU.ActiveCfg = Debug|Any CPU
		{A5D1A9A9-FEFC-415A-BC7A-7E03A512F9A8}.Debug|Any CPU.Build.0 = Debug|Any CPU
		{A5D1A9A9-FEFC-415A-BC7A-7E03A512F9A8}.Release|Any CPU.ActiveCfg = Release|Any CPU
		{A5D1A9A9-FEFC-415A-BC7A-7E03A512F9A8}.Release|Any CPU.Build.0 = Release|Any CPU
		{3B86961E-7816-43A7-A178-29A6882E9E58}.Debug|Any CPU.ActiveCfg = Debug|Any CPU
		{3B86961E-7816-43A7-A178-29A6882E9E58}.Debug|Any CPU.Build.0 = Debug|Any CPU
		{3B86961E-7816-43A7-A178-29A6882E9E58}.Release|Any CPU.ActiveCfg = Release|Any CPU
		{3B86961E-7816-43A7-A178-29A6882E9E58}.Release|Any CPU.Build.0 = Release|Any CPU
		{A4A4B9D4-BE0E-498B-8147-467703361DDC}.Debug|Any CPU.ActiveCfg = Debug|Any CPU
		{A4A4B9D4-BE0E-498B-8147-467703361DDC}.Debug|Any CPU.Build.0 = Debug|Any CPU
		{A4A4B9D4-BE0E-498B-8147-467703361DDC}.Release|Any CPU.ActiveCfg = Release|Any CPU
		{A4A4B9D4-BE0E-498B-8147-467703361DDC}.Release|Any CPU.Build.0 = Release|Any CPU
		{475F627C-A82A-432B-B824-56198F97CE64}.Debug|Any CPU.ActiveCfg = Debug|Any CPU
		{475F627C-A82A-432B-B824-56198F97CE64}.Debug|Any CPU.Build.0 = Debug|Any CPU
		{475F627C-A82A-432B-B824-56198F97CE64}.Release|Any CPU.ActiveCfg = Release|Any CPU
		{475F627C-A82A-432B-B824-56198F97CE64}.Release|Any CPU.Build.0 = Release|Any CPU
		{59FECDF5-7C38-4FD5-AA49-4E6B3AA40EF5}.Debug|Any CPU.ActiveCfg = Debug|Any CPU
		{59FECDF5-7C38-4FD5-AA49-4E6B3AA40EF5}.Debug|Any CPU.Build.0 = Debug|Any CPU
		{59FECDF5-7C38-4FD5-AA49-4E6B3AA40EF5}.Release|Any CPU.ActiveCfg = Release|Any CPU
		{59FECDF5-7C38-4FD5-AA49-4E6B3AA40EF5}.Release|Any CPU.Build.0 = Release|Any CPU
		{89AF62FA-7A38-48EC-9C7F-7451EEC24464}.Debug|Any CPU.ActiveCfg = Debug|Any CPU
		{89AF62FA-7A38-48EC-9C7F-7451EEC24464}.Debug|Any CPU.Build.0 = Debug|Any CPU
		{89AF62FA-7A38-48EC-9C7F-7451EEC24464}.Release|Any CPU.ActiveCfg = Release|Any CPU
		{89AF62FA-7A38-48EC-9C7F-7451EEC24464}.Release|Any CPU.Build.0 = Release|Any CPU
		{ADB0C0FF-EC99-4F60-B37F-6D1F18C04817}.Debug|Any CPU.ActiveCfg = Debug|Any CPU
		{ADB0C0FF-EC99-4F60-B37F-6D1F18C04817}.Debug|Any CPU.Build.0 = Debug|Any CPU
		{ADB0C0FF-EC99-4F60-B37F-6D1F18C04817}.Release|Any CPU.ActiveCfg = Release|Any CPU
		{ADB0C0FF-EC99-4F60-B37F-6D1F18C04817}.Release|Any CPU.Build.0 = Release|Any CPU
		{157493CA-386A-43D0-8344-F1F84B854B21}.Debug|Any CPU.ActiveCfg = Debug|Any CPU
		{157493CA-386A-43D0-8344-F1F84B854B21}.Debug|Any CPU.Build.0 = Debug|Any CPU
		{157493CA-386A-43D0-8344-F1F84B854B21}.Release|Any CPU.ActiveCfg = Release|Any CPU
		{157493CA-386A-43D0-8344-F1F84B854B21}.Release|Any CPU.Build.0 = Release|Any CPU
		{D0DF034A-41B7-45D5-8CDB-DFB5B07E9271}.Debug|Any CPU.ActiveCfg = Debug|Any CPU
		{D0DF034A-41B7-45D5-8CDB-DFB5B07E9271}.Debug|Any CPU.Build.0 = Debug|Any CPU
		{D0DF034A-41B7-45D5-8CDB-DFB5B07E9271}.Release|Any CPU.ActiveCfg = Release|Any CPU
		{D0DF034A-41B7-45D5-8CDB-DFB5B07E9271}.Release|Any CPU.Build.0 = Release|Any CPU
	EndGlobalSection
	GlobalSection(SolutionProperties) = preSolution
		HideSolutionNode = FALSE
	EndGlobalSection
	GlobalSection(NestedProjects) = preSolution
		{62F230A1-04C1-4811-8277-EE58E0C39362} = {DDB4EF12-CC4E-5E88-E6FC-71A802F4DE97}
		{057152D1-A662-4496-A3F7-8139D5F78F3A} = {C9DC9077-D663-4EAF-987E-0D2629F15240}
		{7118C651-3D71-4E76-A1C0-8486C241D6B3} = {4CD934ED-2BE1-4E96-A612-A68AD58CBA40}
		{B1C54A53-AAF3-4363-A470-5C50E326D92C} = {7118C651-3D71-4E76-A1C0-8486C241D6B3}
		{C9DC9077-D663-4EAF-987E-0D2629F15240} = {4CD934ED-2BE1-4E96-A612-A68AD58CBA40}
		{7EE3D0D9-7DB6-4BFE-8077-A09BA3BCA289} = {78573230-2550-4C39-A987-8BF34033303D}
		{E0E98108-3D03-47F7-B179-F4127705039A} = {78573230-2550-4C39-A987-8BF34033303D}
		{5474035C-3E98-449E-A003-AE5128879D64} = {4CD934ED-2BE1-4E96-A612-A68AD58CBA40}
		{11AF4E0B-9073-487B-8A69-E5BD1C20271E} = {5474035C-3E98-449E-A003-AE5128879D64}
		{EB8DD368-FC38-494B-B643-E6510C820FF3} = {7118C651-3D71-4E76-A1C0-8486C241D6B3}
		{95285BEA-B60B-47A8-81C3-3EEDE4DFF69F} = {7F2C7B0D-7994-45E9-8BD9-EE8C60D5D217}
		{392FC73F-D7E6-4504-9FD7-FE8240C4567E} = {7F2C7B0D-7994-45E9-8BD9-EE8C60D5D217}
		{BB8ACC5D-F8A0-48DB-8C06-57B9A7991802} = {392FC73F-D7E6-4504-9FD7-FE8240C4567E}
		{B7C0C2B2-F994-4320-B09D-2F6AEC9023BF} = {7F2C7B0D-7994-45E9-8BD9-EE8C60D5D217}
		{A5D1A9A9-FEFC-415A-BC7A-7E03A512F9A8} = {392FC73F-D7E6-4504-9FD7-FE8240C4567E}
		{3B86961E-7816-43A7-A178-29A6882E9E58} = {4B449A62-B40D-42CF-9B1D-C926E57F94FF}
		{2BE06ADD-6DDC-45F5-8227-8C14668F274E} = {4B449A62-B40D-42CF-9B1D-C926E57F94FF}
		{A4A4B9D4-BE0E-498B-8147-467703361DDC} = {2BE06ADD-6DDC-45F5-8227-8C14668F274E}
		{475F627C-A82A-432B-B824-56198F97CE64} = {2BE06ADD-6DDC-45F5-8227-8C14668F274E}
		{59FECDF5-7C38-4FD5-AA49-4E6B3AA40EF5} = {21FCE434-B2E2-430E-BFF5-F3863BAB26CC}
		{122DBFDC-361C-4DB3-97E4-DD85192E66D3} = {96A6FE58-86EC-4D8A-BB60-6D56FDE5E31C}
		{89AF62FA-7A38-48EC-9C7F-7451EEC24464} = {122DBFDC-361C-4DB3-97E4-DD85192E66D3}
		{ADB0C0FF-EC99-4F60-B37F-6D1F18C04817} = {96A6FE58-86EC-4D8A-BB60-6D56FDE5E31C}
		{157493CA-386A-43D0-8344-F1F84B854B21} = {96A6FE58-86EC-4D8A-BB60-6D56FDE5E31C}
		{D0DF034A-41B7-45D5-8CDB-DFB5B07E9271} = {122DBFDC-361C-4DB3-97E4-DD85192E66D3}
	EndGlobalSection
	GlobalSection(ExtensibilityGlobals) = postSolution
		SolutionGuid = {16A4DDF6-705F-41BB-B9D7-C98B15B76AD3}
	EndGlobalSection
EndGlobal
